
Microsoft Visual Studio Solution File, Format Version 12.00
# Visual Studio Version 16
VisualStudioVersion = 16.0.31424.327
MinimumVisualStudioVersion = 10.0.40219.1
Project("{FAE04EC0-301F-11D3-BF4B-00C04F79EFBC}") = "QTemplate", "QTemplate\QTemplate.csproj", "{7857DCC8-B383-4E88-8973-AF9E3F392EDC}"
EndProject
Global
	GlobalSection(SolutionConfigurationPlatforms) = preSolution
		Debug|Any CPU = Debug|Any CPU
		Release|Any CPU = Release|Any CPU
	EndGlobalSection
	GlobalSection(ProjectConfigurationPlatforms) = postSolution
		{7857DCC8-B383-4E88-8973-AF9E3F392EDC}.Debug|Any CPU.ActiveCfg = Debug|Any CPU
		{7857DCC8-B383-4E88-8973-AF9E3F392EDC}.Debug|Any CPU.Build.0 = Debug|Any CPU
		{7857DCC8-B383-4E88-8973-AF9E3F392EDC}.Release|Any CPU.ActiveCfg = Release|Any CPU
		{7857DCC8-B383-4E88-8973-AF9E3F392EDC}.Release|Any CPU.Build.0 = Release|Any CPU
	EndGlobalSection
	GlobalSection(SolutionProperties) = preSolution
		HideSolutionNode = FALSE
	EndGlobalSection
	GlobalSection(ExtensibilityGlobals) = postSolution
		SolutionGuid = {217B48AB-EE4F-4C35-B610-C59C23168FED}
	EndGlobalSection
EndGlobal
